
Microsoft Visual Studio Solution File, Format Version 12.00
# Visual Studio Version 17
VisualStudioVersion = 17.4.33213.308
MinimumVisualStudioVersion = 10.0.40219.1
Project("{FAE04EC0-301F-11D3-BF4B-00C04F79EFBC}") = "Milestone Test", "Milestone Test\Milestone Test.csproj", "{A0965023-F42C-45D4-9172-598B1CAD5BA0}"
EndProject
Global
	GlobalSection(SolutionConfigurationPlatforms) = preSolution
		Debug|Any CPU = Debug|Any CPU
		Release|Any CPU = Release|Any CPU
	EndGlobalSection
	GlobalSection(ProjectConfigurationPlatforms) = postSolution
		{A0965023-F42C-45D4-9172-598B1CAD5BA0}.Debug|Any CPU.ActiveCfg = Debug|Any CPU
		{A0965023-F42C-45D4-9172-598B1CAD5BA0}.Debug|Any CPU.Build.0 = Debug|Any CPU
		{A0965023-F42C-45D4-9172-598B1CAD5BA0}.Release|Any CPU.ActiveCfg = Release|Any CPU
		{A0965023-F42C-45D4-9172-598B1CAD5BA0}.Release|Any CPU.Build.0 = Release|Any CPU
	EndGlobalSection
	GlobalSection(SolutionProperties) = preSolution
		HideSolutionNode = FALSE
	EndGlobalSection
	GlobalSection(ExtensibilityGlobals) = postSolution
		SolutionGuid = {E7BA0583-2348-40EB-ABA7-281B63C868E4}
	EndGlobalSection
EndGlobal
